{
  "name": "Washington Construction Tracker",
  "lockfileVersion": 3,
  "requires": true,
  "packages": {
    "": {
      "devDependencies": {
        "@types/leaflet": "^1.9.7",
        "leaflet": "^1.9.4"
      }
    },
    "node_modules/@types/geojson": {
      "version": "7946.0.12",
      "resolved": "https://registry.npmjs.org/@types/geojson/-/geojson-7946.0.12.tgz",
      "integrity": "sha512-uK2z1ZHJyC0nQRbuovXFt4mzXDwf27vQeUWNhfKGwRcWW429GOhP8HxUHlM6TLH4bzmlv/HlEjpvJh3JfmGsAA==",
      "dev": true
    },
    "node_modules/@types/leaflet": {
      "version": "1.9.7",
      "resolved": "https://registry.npmjs.org/@types/leaflet/-/leaflet-1.9.7.tgz",
      "integrity": "sha512-FOfKB1ALYUDnXkH7LfTFreWiZr9R7GErqGP+8lYQGWr2GFq5+jy3Ih0M7e9j41cvRN65kLALJ4dc43yZwyl/6g==",
      "dev": true,
      "dependencies": {
        "@types/geojson": "*"
      }
    },
    "node_modules/leaflet": {
      "version": "1.9.4",
      "resolved": "https://registry.npmjs.org/leaflet/-/leaflet-1.9.4.tgz",
      "integrity": "sha512-nxS1ynzJOmOlHp+iL3FyWqK89GtNL8U8rvlMOsQdTTssxZwCXh8N2NB3GDQOL+YR3XnWyZAxwQixURb+FA74PA==",
      "dev": true
    }
  }
}
